
Microsoft Visual Studio Solution File, Format Version 12.00
# Visual Studio 15
VisualStudioVersion = 15.0.27130.2020
MinimumVisualStudioVersion = 10.0.40219.1
Project("{FAE04EC0-301F-11D3-BF4B-00C04F79EFBC}") = "Lab03", "Lab03\Lab03.csproj", "{BFF6E683-17C4-45FD-BFF5-3FA6AD51FB24}"
	ProjectSection(ProjectDependencies) = postProject
		{CC335E64-D07A-4629-8BB7-737E5E9EAFC8} = {CC335E64-D07A-4629-8BB7-737E5E9EAFC8}
		{C8153C83-5D74-43A4-A446-6655632295B0} = {C8153C83-5D74-43A4-A446-6655632295B0}
	EndProjectSection
EndProject
Project("{FAE04EC0-301F-11D3-BF4B-00C04F79EFBC}") = "Repository", "Repository\Repository.csproj", "{CC335E64-D07A-4629-8BB7-737E5E9EAFC8}"
	ProjectSection(ProjectDependencies) = postProject
		{CA48A9A0-2917-421A-BCF9-D891739467E1} = {CA48A9A0-2917-421A-BCF9-D891739467E1}
	EndProjectSection
EndProject
Project("{FAE04EC0-301F-11D3-BF4B-00C04F79EFBC}") = "PubsService", "PubsService\PubsService.csproj", "{C8153C83-5D74-43A4-A446-6655632295B0}"
	ProjectSection(ProjectDependencies) = postProject
		{CA48A9A0-2917-421A-BCF9-D891739467E1} = {CA48A9A0-2917-421A-BCF9-D891739467E1}
		{4221B4E5-6598-40EF-A6D9-27123C802D66} = {4221B4E5-6598-40EF-A6D9-27123C802D66}
	EndProjectSection
EndProject
Project("{FAE04EC0-301F-11D3-BF4B-00C04F79EFBC}") = "Model", "Model\Model.csproj", "{CA48A9A0-2917-421A-BCF9-D891739467E1}"
	ProjectSection(ProjectDependencies) = postProject
		{4221B4E5-6598-40EF-A6D9-27123C802D66} = {4221B4E5-6598-40EF-A6D9-27123C802D66}
	EndProjectSection
EndProject
Project("{FAE04EC0-301F-11D3-BF4B-00C04F79EFBC}") = "configFile", "configFile\configFile.csproj", "{4221B4E5-6598-40EF-A6D9-27123C802D66}"
EndProject
Global
	GlobalSection(SolutionConfigurationPlatforms) = preSolution
		Debug|Any CPU = Debug|Any CPU
		Release|Any CPU = Release|Any CPU
	EndGlobalSection
	GlobalSection(ProjectConfigurationPlatforms) = postSolution
		{BFF6E683-17C4-45FD-BFF5-3FA6AD51FB24}.Debug|Any CPU.ActiveCfg = Debug|Any CPU
		{BFF6E683-17C4-45FD-BFF5-3FA6AD51FB24}.Debug|Any CPU.Build.0 = Debug|Any CPU
		{BFF6E683-17C4-45FD-BFF5-3FA6AD51FB24}.Release|Any CPU.ActiveCfg = Release|Any CPU
		{BFF6E683-17C4-45FD-BFF5-3FA6AD51FB24}.Release|Any CPU.Build.0 = Release|Any CPU
		{CC335E64-D07A-4629-8BB7-737E5E9EAFC8}.Debug|Any CPU.ActiveCfg = Debug|Any CPU
		{CC335E64-D07A-4629-8BB7-737E5E9EAFC8}.Debug|Any CPU.Build.0 = Debug|Any CPU
		{CC335E64-D07A-4629-8BB7-737E5E9EAFC8}.Release|Any CPU.ActiveCfg = Release|Any CPU
		{CC335E64-D07A-4629-8BB7-737E5E9EAFC8}.Release|Any CPU.Build.0 = Release|Any CPU
		{C8153C83-5D74-43A4-A446-6655632295B0}.Debug|Any CPU.ActiveCfg = Debug|Any CPU
		{C8153C83-5D74-43A4-A446-6655632295B0}.Debug|Any CPU.Build.0 = Debug|Any CPU
		{C8153C83-5D74-43A4-A446-6655632295B0}.Release|Any CPU.ActiveCfg = Release|Any CPU
		{C8153C83-5D74-43A4-A446-6655632295B0}.Release|Any CPU.Build.0 = Release|Any CPU
		{CA48A9A0-2917-421A-BCF9-D891739467E1}.Debug|Any CPU.ActiveCfg = Debug|Any CPU
		{CA48A9A0-2917-421A-BCF9-D891739467E1}.Debug|Any CPU.Build.0 = Debug|Any CPU
		{CA48A9A0-2917-421A-BCF9-D891739467E1}.Release|Any CPU.ActiveCfg = Release|Any CPU
		{CA48A9A0-2917-421A-BCF9-D891739467E1}.Release|Any CPU.Build.0 = Release|Any CPU
		{4221B4E5-6598-40EF-A6D9-27123C802D66}.Debug|Any CPU.ActiveCfg = Debug|Any CPU
		{4221B4E5-6598-40EF-A6D9-27123C802D66}.Debug|Any CPU.Build.0 = Debug|Any CPU
		{4221B4E5-6598-40EF-A6D9-27123C802D66}.Release|Any CPU.ActiveCfg = Release|Any CPU
		{4221B4E5-6598-40EF-A6D9-27123C802D66}.Release|Any CPU.Build.0 = Release|Any CPU
	EndGlobalSection
	GlobalSection(SolutionProperties) = preSolution
		HideSolutionNode = FALSE
	EndGlobalSection
	GlobalSection(ExtensibilityGlobals) = postSolution
		SolutionGuid = {5E0361B9-E5F5-4D52-B46D-CC1814CCB548}
	EndGlobalSection
EndGlobal
